
Microsoft Visual Studio Solution File, Format Version 12.00
# Visual Studio 15
VisualStudioVersion = 15.0.27130.2003
MinimumVisualStudioVersion = 10.0.40219.1
Project("{9A19103F-16F7-4668-BE54-9A1E7A4F7556}") = "Tech.Demo", "Tech.Demo\Tech.Demo.csproj", "{B5360E63-1A92-44D9-93BF-2723467A5105}"
EndProject
Project("{2150E333-8FDC-42A3-9474-1A3956D46DE8}") = "1-1.Presentation", "1-1.Presentation", "{24D82021-4E67-4AF0-828E-0315BB1FE9DB}"
EndProject
Project("{2150E333-8FDC-42A3-9474-1A3956D46DE8}") = "1-2.Service Layer", "1-2.Service Layer", "{1F744961-7E88-4D62-9BDE-A156C7F24A6D}"
EndProject
Project("{2150E333-8FDC-42A3-9474-1A3956D46DE8}") = "Core", "Core", "{11AF927F-DAF7-4111-ADFD-28668E70B009}"
EndProject
Project("{2150E333-8FDC-42A3-9474-1A3956D46DE8}") = "MainContext", "MainContext", "{3D5715FC-31C4-4942-B5C1-8D71806AA0E1}"
EndProject
Project("{9A19103F-16F7-4668-BE54-9A1E7A4F7556}") = "DistributedServices.Core", "..\..\..\OneDrive\Documents\nlayerappv3-master\DistributedServices.Seedwork\DistributedServices.Core.csproj", "{C0F5A0A9-562A-45A3-B3B2-870AAE8C6936}"
EndProject
Project("{9A19103F-16F7-4668-BE54-9A1E7A4F7556}") = "DistributedServices.MainBoundedContext", "DistributedServices.MainBoundedContext\DistributedServices.MainBoundedContext.csproj", "{1A0A4FBE-C363-41C5-9CA7-A7512C17BF69}"
EndProject
Project("{2150E333-8FDC-42A3-9474-1A3956D46DE8}") = "1-3.Application", "1-3.Application", "{3D9258A4-06C4-4C0C-B57C-145026C33619}"
EndProject
Project("{2150E333-8FDC-42A3-9474-1A3956D46DE8}") = "1-3-1.Core", "1-3-1.Core", "{4763E588-3C8D-4F8A-A0E8-299A51A62DA4}"
EndProject
Project("{9A19103F-16F7-4668-BE54-9A1E7A4F7556}") = "Application.Core", "Application.Seedwork\Application.Core.csproj", "{AD0154D6-94AD-4110-843E-F9BC8D3E0C2C}"
EndProject
Project("{2150E333-8FDC-42A3-9474-1A3956D46DE8}") = "1-3-2.Main", "1-3-2.Main", "{BA027E83-330B-4D03-A4D2-C264C2B0ADFD}"
EndProject
Project("{9A19103F-16F7-4668-BE54-9A1E7A4F7556}") = "Application.MainBoundedContext", "Application.MainBoundedContext\Application.MainBoundedContext.csproj", "{F209902A-E7B3-47C8-9D0A-3481D73BB100}"
EndProject
Project("{9A19103F-16F7-4668-BE54-9A1E7A4F7556}") = "Application.MainBoundedContext.DTO", "Application.MainBoundedContext.DTO\Application.MainBoundedContext.DTO.csproj", "{BFE7BF20-1C9E-4F49-9CFB-3DADDB60CA40}"
EndProject
Project("{2150E333-8FDC-42A3-9474-1A3956D46DE8}") = "1-4.Domain", "1-4.Domain", "{DBBD7F26-C153-4F98-9464-E8AC82004D65}"
EndProject
Project("{2150E333-8FDC-42A3-9474-1A3956D46DE8}") = "1-4-1.Core", "1-4-1.Core", "{A3C206E7-05D7-42EC-9E8C-445F01DEB9E8}"
EndProject
Project("{9A19103F-16F7-4668-BE54-9A1E7A4F7556}") = "Domain.Core", "Domain.Seedwork\Domain.Core.csproj", "{87279AC1-9ED0-44A5-B48F-B7F58C503FD5}"
EndProject
Project("{2150E333-8FDC-42A3-9474-1A3956D46DE8}") = "1-4-2.Main", "1-4-2.Main", "{9B885464-B9EB-4B45-AB57-6E16594D509B}"
EndProject
Project("{9A19103F-16F7-4668-BE54-9A1E7A4F7556}") = "Domain.MainBoundedContext", "Domain.MainBoundedContext\Domain.MainBoundedContext.csproj", "{CBA2DD66-62F9-44CF-BD14-ECD49BEF8CD9}"
EndProject
Project("{2150E333-8FDC-42A3-9474-1A3956D46DE8}") = "1-5.Infrastructure", "1-5.Infrastructure", "{8C0E9C0F-7D4B-429C-BE97-A63E36CB9B95}"
EndProject
Project("{2150E333-8FDC-42A3-9474-1A3956D46DE8}") = "1-5-1.Data", "1-5-1.Data", "{9CC9D121-33B4-4615-A134-0A038C7150D5}"
EndProject
Project("{2150E333-8FDC-42A3-9474-1A3956D46DE8}") = "1-5-2.CrossCutting", "1-5-2.CrossCutting", "{11314042-3C39-4AA9-94F2-EB0894E83213}"
EndProject
Project("{9A19103F-16F7-4668-BE54-9A1E7A4F7556}") = "Infrastructure.Data.MainBoundedContext", "Infrastructure.Data.MainBoundedContext\Infrastructure.Data.MainBoundedContext.csproj", "{122AA869-238D-4B2B-94AD-3467978C5866}"
EndProject
Project("{9A19103F-16F7-4668-BE54-9A1E7A4F7556}") = "Infrastructure.Data.Core", "Infrastructure.Data.Seedwork\Infrastructure.Data.Core.csproj", "{A0D533D4-BD2F-401F-AE3D-2E303BF0F285}"
EndProject
Project("{9A19103F-16F7-4668-BE54-9A1E7A4F7556}") = "Infrastructure.Crosscutting", "Infrastructure.Crosscutting\Infrastructure.Crosscutting.csproj", "{F8378AB6-A08A-4AE8-93A2-DA3470CC8E58}"
EndProject
Project("{9A19103F-16F7-4668-BE54-9A1E7A4F7556}") = "Infrastructure.Crosscutting.NetFramework", "Infrastructure.Crosscutting.NetFramework\Infrastructure.Crosscutting.NetFramework.csproj", "{A5F77739-2F79-43E6-B1EC-E2B66D6B4C07}"
EndProject
Global
	GlobalSection(SolutionConfigurationPlatforms) = preSolution
		Debug|Any CPU = Debug|Any CPU
		Release|Any CPU = Release|Any CPU
	EndGlobalSection
	GlobalSection(ProjectConfigurationPlatforms) = postSolution
		{B5360E63-1A92-44D9-93BF-2723467A5105}.Debug|Any CPU.ActiveCfg = Debug|Any CPU
		{B5360E63-1A92-44D9-93BF-2723467A5105}.Debug|Any CPU.Build.0 = Debug|Any CPU
		{B5360E63-1A92-44D9-93BF-2723467A5105}.Release|Any CPU.ActiveCfg = Release|Any CPU
		{B5360E63-1A92-44D9-93BF-2723467A5105}.Release|Any CPU.Build.0 = Release|Any CPU
		{C0F5A0A9-562A-45A3-B3B2-870AAE8C6936}.Debug|Any CPU.ActiveCfg = Debug|Any CPU
		{C0F5A0A9-562A-45A3-B3B2-870AAE8C6936}.Debug|Any CPU.Build.0 = Debug|Any CPU
		{C0F5A0A9-562A-45A3-B3B2-870AAE8C6936}.Release|Any CPU.ActiveCfg = Release|Any CPU
		{C0F5A0A9-562A-45A3-B3B2-870AAE8C6936}.Release|Any CPU.Build.0 = Release|Any CPU
		{1A0A4FBE-C363-41C5-9CA7-A7512C17BF69}.Debug|Any CPU.ActiveCfg = Debug|Any CPU
		{1A0A4FBE-C363-41C5-9CA7-A7512C17BF69}.Debug|Any CPU.Build.0 = Debug|Any CPU
		{1A0A4FBE-C363-41C5-9CA7-A7512C17BF69}.Release|Any CPU.ActiveCfg = Release|Any CPU
		{1A0A4FBE-C363-41C5-9CA7-A7512C17BF69}.Release|Any CPU.Build.0 = Release|Any CPU
		{AD0154D6-94AD-4110-843E-F9BC8D3E0C2C}.Debug|Any CPU.ActiveCfg = Debug|Any CPU
		{AD0154D6-94AD-4110-843E-F9BC8D3E0C2C}.Debug|Any CPU.Build.0 = Debug|Any CPU
		{AD0154D6-94AD-4110-843E-F9BC8D3E0C2C}.Release|Any CPU.ActiveCfg = Release|Any CPU
		{AD0154D6-94AD-4110-843E-F9BC8D3E0C2C}.Release|Any CPU.Build.0 = Release|Any CPU
		{F209902A-E7B3-47C8-9D0A-3481D73BB100}.Debug|Any CPU.ActiveCfg = Debug|Any CPU
		{F209902A-E7B3-47C8-9D0A-3481D73BB100}.Debug|Any CPU.Build.0 = Debug|Any CPU
		{F209902A-E7B3-47C8-9D0A-3481D73BB100}.Release|Any CPU.ActiveCfg = Release|Any CPU
		{F209902A-E7B3-47C8-9D0A-3481D73BB100}.Release|Any CPU.Build.0 = Release|Any CPU
		{BFE7BF20-1C9E-4F49-9CFB-3DADDB60CA40}.Debug|Any CPU.ActiveCfg = Debug|Any CPU
		{BFE7BF20-1C9E-4F49-9CFB-3DADDB60CA40}.Debug|Any CPU.Build.0 = Debug|Any CPU
		{BFE7BF20-1C9E-4F49-9CFB-3DADDB60CA40}.Release|Any CPU.ActiveCfg = Release|Any CPU
		{BFE7BF20-1C9E-4F49-9CFB-3DADDB60CA40}.Release|Any CPU.Build.0 = Release|Any CPU
		{87279AC1-9ED0-44A5-B48F-B7F58C503FD5}.Debug|Any CPU.ActiveCfg = Debug|Any CPU
		{87279AC1-9ED0-44A5-B48F-B7F58C503FD5}.Debug|Any CPU.Build.0 = Debug|Any CPU
		{87279AC1-9ED0-44A5-B48F-B7F58C503FD5}.Release|Any CPU.ActiveCfg = Release|Any CPU
		{87279AC1-9ED0-44A5-B48F-B7F58C503FD5}.Release|Any CPU.Build.0 = Release|Any CPU
		{CBA2DD66-62F9-44CF-BD14-ECD49BEF8CD9}.Debug|Any CPU.ActiveCfg = Debug|Any CPU
		{CBA2DD66-62F9-44CF-BD14-ECD49BEF8CD9}.Debug|Any CPU.Build.0 = Debug|Any CPU
		{CBA2DD66-62F9-44CF-BD14-ECD49BEF8CD9}.Release|Any CPU.ActiveCfg = Release|Any CPU
		{CBA2DD66-62F9-44CF-BD14-ECD49BEF8CD9}.Release|Any CPU.Build.0 = Release|Any CPU
		{122AA869-238D-4B2B-94AD-3467978C5866}.Debug|Any CPU.ActiveCfg = Debug|Any CPU
		{122AA869-238D-4B2B-94AD-3467978C5866}.Debug|Any CPU.Build.0 = Debug|Any CPU
		{122AA869-238D-4B2B-94AD-3467978C5866}.Release|Any CPU.ActiveCfg = Release|Any CPU
		{122AA869-238D-4B2B-94AD-3467978C5866}.Release|Any CPU.Build.0 = Release|Any CPU
		{A0D533D4-BD2F-401F-AE3D-2E303BF0F285}.Debug|Any CPU.ActiveCfg = Debug|Any CPU
		{A0D533D4-BD2F-401F-AE3D-2E303BF0F285}.Debug|Any CPU.Build.0 = Debug|Any CPU
		{A0D533D4-BD2F-401F-AE3D-2E303BF0F285}.Release|Any CPU.ActiveCfg = Release|Any CPU
		{A0D533D4-BD2F-401F-AE3D-2E303BF0F285}.Release|Any CPU.Build.0 = Release|Any CPU
		{F8378AB6-A08A-4AE8-93A2-DA3470CC8E58}.Debug|Any CPU.ActiveCfg = Debug|Any CPU
		{F8378AB6-A08A-4AE8-93A2-DA3470CC8E58}.Debug|Any CPU.Build.0 = Debug|Any CPU
		{F8378AB6-A08A-4AE8-93A2-DA3470CC8E58}.Release|Any CPU.ActiveCfg = Release|Any CPU
		{F8378AB6-A08A-4AE8-93A2-DA3470CC8E58}.Release|Any CPU.Build.0 = Release|Any CPU
		{A5F77739-2F79-43E6-B1EC-E2B66D6B4C07}.Debug|Any CPU.ActiveCfg = Debug|Any CPU
		{A5F77739-2F79-43E6-B1EC-E2B66D6B4C07}.Debug|Any CPU.Build.0 = Debug|Any CPU
		{A5F77739-2F79-43E6-B1EC-E2B66D6B4C07}.Release|Any CPU.ActiveCfg = Release|Any CPU
		{A5F77739-2F79-43E6-B1EC-E2B66D6B4C07}.Release|Any CPU.Build.0 = Release|Any CPU
	EndGlobalSection
	GlobalSection(SolutionProperties) = preSolution
		HideSolutionNode = FALSE
	EndGlobalSection
	GlobalSection(NestedProjects) = preSolution
		{B5360E63-1A92-44D9-93BF-2723467A5105} = {24D82021-4E67-4AF0-828E-0315BB1FE9DB}
		{11AF927F-DAF7-4111-ADFD-28668E70B009} = {1F744961-7E88-4D62-9BDE-A156C7F24A6D}
		{3D5715FC-31C4-4942-B5C1-8D71806AA0E1} = {1F744961-7E88-4D62-9BDE-A156C7F24A6D}
		{C0F5A0A9-562A-45A3-B3B2-870AAE8C6936} = {11AF927F-DAF7-4111-ADFD-28668E70B009}
		{1A0A4FBE-C363-41C5-9CA7-A7512C17BF69} = {3D5715FC-31C4-4942-B5C1-8D71806AA0E1}
		{4763E588-3C8D-4F8A-A0E8-299A51A62DA4} = {3D9258A4-06C4-4C0C-B57C-145026C33619}
		{AD0154D6-94AD-4110-843E-F9BC8D3E0C2C} = {4763E588-3C8D-4F8A-A0E8-299A51A62DA4}
		{BA027E83-330B-4D03-A4D2-C264C2B0ADFD} = {3D9258A4-06C4-4C0C-B57C-145026C33619}
		{F209902A-E7B3-47C8-9D0A-3481D73BB100} = {BA027E83-330B-4D03-A4D2-C264C2B0ADFD}
		{BFE7BF20-1C9E-4F49-9CFB-3DADDB60CA40} = {BA027E83-330B-4D03-A4D2-C264C2B0ADFD}
		{A3C206E7-05D7-42EC-9E8C-445F01DEB9E8} = {DBBD7F26-C153-4F98-9464-E8AC82004D65}
		{87279AC1-9ED0-44A5-B48F-B7F58C503FD5} = {A3C206E7-05D7-42EC-9E8C-445F01DEB9E8}
		{9B885464-B9EB-4B45-AB57-6E16594D509B} = {DBBD7F26-C153-4F98-9464-E8AC82004D65}
		{CBA2DD66-62F9-44CF-BD14-ECD49BEF8CD9} = {9B885464-B9EB-4B45-AB57-6E16594D509B}
		{9CC9D121-33B4-4615-A134-0A038C7150D5} = {8C0E9C0F-7D4B-429C-BE97-A63E36CB9B95}
		{11314042-3C39-4AA9-94F2-EB0894E83213} = {8C0E9C0F-7D4B-429C-BE97-A63E36CB9B95}
		{122AA869-238D-4B2B-94AD-3467978C5866} = {9CC9D121-33B4-4615-A134-0A038C7150D5}
		{A0D533D4-BD2F-401F-AE3D-2E303BF0F285} = {9CC9D121-33B4-4615-A134-0A038C7150D5}
		{F8378AB6-A08A-4AE8-93A2-DA3470CC8E58} = {11314042-3C39-4AA9-94F2-EB0894E83213}
		{A5F77739-2F79-43E6-B1EC-E2B66D6B4C07} = {11314042-3C39-4AA9-94F2-EB0894E83213}
	EndGlobalSection
	GlobalSection(ExtensibilityGlobals) = postSolution
		SolutionGuid = {B49DD6BC-B23B-4521-875A-DA1C7291DB0C}
	EndGlobalSection
EndGlobal
